
Microsoft Visual Studio Solution File, Format Version 12.00
# Visual Studio Version 16
VisualStudioVersion = 16.0.30413.136
MinimumVisualStudioVersion = 10.0.40219.1
Project("{FAE04EC0-301F-11D3-BF4B-00C04F79EFBC}") = "eShopDotNetCoreDemo.WebApp", "eShopDotNetCoreDemo.WebApp\eShopDotNetCoreDemo.WebApp.csproj", "{2D26AAC9-0178-4792-A9EC-6DDB40341B21}"
EndProject
Global
	GlobalSection(SolutionConfigurationPlatforms) = preSolution
		Debug|Any CPU = Debug|Any CPU
		Release|Any CPU = Release|Any CPU
	EndGlobalSection
	GlobalSection(ProjectConfigurationPlatforms) = postSolution
		{2D26AAC9-0178-4792-A9EC-6DDB40341B21}.Debug|Any CPU.ActiveCfg = Debug|Any CPU
		{2D26AAC9-0178-4792-A9EC-6DDB40341B21}.Debug|Any CPU.Build.0 = Debug|Any CPU
		{2D26AAC9-0178-4792-A9EC-6DDB40341B21}.Release|Any CPU.ActiveCfg = Release|Any CPU
		{2D26AAC9-0178-4792-A9EC-6DDB40341B21}.Release|Any CPU.Build.0 = Release|Any CPU
	EndGlobalSection
	GlobalSection(SolutionProperties) = preSolution
		HideSolutionNode = FALSE
	EndGlobalSection
	GlobalSection(ExtensibilityGlobals) = postSolution
		SolutionGuid = {79E675C3-4417-4E59-9FDE-5B090486A9B4}
	EndGlobalSection
EndGlobal
